
Microsoft Visual Studio Solution File, Format Version 12.00
# Visual Studio Version 17
VisualStudioVersion = 17.4.33213.308
MinimumVisualStudioVersion = 10.0.40219.1
Project("{FAE04EC0-301F-11D3-BF4B-00C04F79EFBC}") = "QuanLyPhanCongCongViec", "QuanLyPhanCongCongViec\QuanLyPhanCongCongViec.csproj", "{CFFB2322-41B4-4EBE-AA21-0EBFB24BD2A6}"
EndProject
Global
	GlobalSection(SolutionConfigurationPlatforms) = preSolution
		Debug|Any CPU = Debug|Any CPU
		Release|Any CPU = Release|Any CPU
	EndGlobalSection
	GlobalSection(ProjectConfigurationPlatforms) = postSolution
		{CFFB2322-41B4-4EBE-AA21-0EBFB24BD2A6}.Debug|Any CPU.ActiveCfg = Debug|Any CPU
		{CFFB2322-41B4-4EBE-AA21-0EBFB24BD2A6}.Debug|Any CPU.Build.0 = Debug|Any CPU
		{CFFB2322-41B4-4EBE-AA21-0EBFB24BD2A6}.Release|Any CPU.ActiveCfg = Release|Any CPU
		{CFFB2322-41B4-4EBE-AA21-0EBFB24BD2A6}.Release|Any CPU.Build.0 = Release|Any CPU
	EndGlobalSection
	GlobalSection(SolutionProperties) = preSolution
		HideSolutionNode = FALSE
	EndGlobalSection
	GlobalSection(ExtensibilityGlobals) = postSolution
		SolutionGuid = {3A49E2B9-9B40-4272-835B-A6801AA8FD71}
	EndGlobalSection
EndGlobal
